{
  "requires": true,
  "lockfileVersion": 1,
  "dependencies": {
    "bootstrap": {
      "version": "3.3.7",
      "resolved": "https://registry.npmjs.org/bootstrap/-/bootstrap-3.3.7.tgz",
      "integrity": "sha1-WjiTlFSfIzMIdaOxUGVldPip63E="
    },
    "font": {
      "version": "0.0.4",
      "resolved": "https://registry.npmjs.org/font/-/font-0.0.4.tgz",
      "integrity": "sha1-XVzmkedn4cLcwvUXP513BNxZEg4=",
      "requires": {
        "reified": "0.2.4"
      }
    },
    "reified": {
      "version": "0.2.4",
      "resolved": "https://registry.npmjs.org/reified/-/reified-0.2.4.tgz",
      "integrity": "sha1-voqRe1otw2obFvsiqb6+siWGdoI="
    }
  }
}
